
Microsoft Visual Studio Solution File, Format Version 12.00
# Visual Studio 2012
Project("{FAE04EC0-301F-11D3-BF4B-00C04F79EFBC}") = "MyMelody", "MyMelody\MyMelody\MyMelody.csproj", "{C575C045-ECC8-47A1-866F-9327FEAF55BF}"
EndProject
Project("{96E2B04D-8817-42C6-938A-82C39BA4D311}") = "MyMelodyContent", "MyMelody\MyMelodyContent\MyMelodyContent.contentproj", "{BA0357DF-F169-44D0-BD7C-D1D526E384A2}"
EndProject
Global
	GlobalSection(SolutionConfigurationPlatforms) = preSolution
		Debug|Windows Phone = Debug|Windows Phone
		Release|Windows Phone = Release|Windows Phone
	EndGlobalSection
	GlobalSection(ProjectConfigurationPlatforms) = postSolution
		{C575C045-ECC8-47A1-866F-9327FEAF55BF}.Debug|Windows Phone.ActiveCfg = Debug|Windows Phone
		{C575C045-ECC8-47A1-866F-9327FEAF55BF}.Debug|Windows Phone.Build.0 = Debug|Windows Phone
		{C575C045-ECC8-47A1-866F-9327FEAF55BF}.Debug|Windows Phone.Deploy.0 = Debug|Windows Phone
		{C575C045-ECC8-47A1-866F-9327FEAF55BF}.Release|Windows Phone.ActiveCfg = Release|Windows Phone
		{C575C045-ECC8-47A1-866F-9327FEAF55BF}.Release|Windows Phone.Build.0 = Release|Windows Phone
		{C575C045-ECC8-47A1-866F-9327FEAF55BF}.Release|Windows Phone.Deploy.0 = Release|Windows Phone
		{BA0357DF-F169-44D0-BD7C-D1D526E384A2}.Debug|Windows Phone.ActiveCfg = Debug|Windows Phone
		{BA0357DF-F169-44D0-BD7C-D1D526E384A2}.Release|Windows Phone.ActiveCfg = Release|Windows Phone
	EndGlobalSection
	GlobalSection(SolutionProperties) = preSolution
		HideSolutionNode = FALSE
	EndGlobalSection
EndGlobal
